{
  "object": {
    "pins": [
      {
        "package": "Alamofire",
        "repositoryURL": "https://github.com/Alamofire/Alamofire.git",
        "state": {
          "branch": null,
          "revision": "becd9a729a37bdbef5bc39dc3c702b99f9e3d046",
          "version": "5.2.2"
        }
      },
      {
        "package": "MapboxDirections",
        "repositoryURL": "https://github.com/mapbox/mapbox-directions-swift.git",
        "state": {
          "branch": null,
          "revision": "160e95110fe52b5f8461fbabe8d9405d16930a43",
          "version": "0.33.1"
        }
      },
      {
        "package": "Polyline",
        "repositoryURL": "https://github.com/raphaelmor/Polyline.git",
        "state": {
          "branch": null,
          "revision": "011fbc1b0f27a3398bd0fb7c5e2cf5c62ae82717",
          "version": "4.2.1"
        }
      },
      {
        "package": "SwiftyBeaver",
        "repositoryURL": "https://github.com/SwiftyBeaver/SwiftyBeaver.git",
        "state": {
          "branch": null,
          "revision": "e0fb3a74cb993d7dcf1e56734cdc98ad6e6d8176",
          "version": "1.9.1"
        }
      },
      {
        "package": "Turf",
        "repositoryURL": "https://github.com/mapbox/turf-swift.git",
        "state": {
          "branch": null,
          "revision": "985b4bdb7256c2f8adad10353b3338a466391469",
          "version": "0.5.0"
        }
      }
    ]
  },
  "version": 1
}
